
Microsoft Visual Studio Solution File, Format Version 12.00
# Visual Studio Version 16
VisualStudioVersion = 16.0.30002.166
MinimumVisualStudioVersion = 10.0.40219.1
Project("{9A19103F-16F7-4668-BE54-9A1E7A4F7556}") = "WSCT.GUI.EMVLauncher", "WSCT.GUI.EMVLauncher\WSCT.GUI.EMVLauncher.csproj", "{8EB311E3-B783-4D33-987D-DE455CAD626B}"
EndProject
Project("{9A19103F-16F7-4668-BE54-9A1E7A4F7556}") = "Console EMV Tests", "Console EMV Tests\Console EMV Tests.csproj", "{4963702E-B3E4-4D18-9F9C-0106B3A4E757}"
EndProject
Project("{9A19103F-16F7-4668-BE54-9A1E7A4F7556}") = "EMV Library", "EMV Library\EMV Library.csproj", "{162E1CB7-03F5-4F2A-9DEE-0FEAF07EF4CE}"
EndProject
Project("{9A19103F-16F7-4668-BE54-9A1E7A4F7556}") = "Plugin EMV Explorer", "Plugin EMV Explorer\Plugin EMV Explorer.csproj", "{82E61FBB-4DA3-4048-A94B-80E06E1AF942}"
EndProject
Project("{9A19103F-16F7-4668-BE54-9A1E7A4F7556}") = "EMV Library Unit Tests", "EMV Library Unit Tests\EMV Library Unit Tests.csproj", "{FC8BC7B1-1E3E-4E61-BA15-EB013719B8E5}"
EndProject
Project("{9A19103F-16F7-4668-BE54-9A1E7A4F7556}") = "EMV Card Personalisation", "EMV Card Personalisation\EMV Card Personalisation.csproj", "{D2A34CFC-E2AA-473C-A153-24A91FFFC93C}"
EndProject
Project("{9A19103F-16F7-4668-BE54-9A1E7A4F7556}") = "EMV Issuer Certificate Generation", "EMV Issuer Certificate Generation\EMV Issuer Certificate Generation.csproj", "{CEF13D63-352E-46A5-AA35-603D1B004FAF}"
EndProject
Project("{9A19103F-16F7-4668-BE54-9A1E7A4F7556}") = "EMV ICC Certificate Generation", "EMV ICC Certificate Generation\EMV ICC Certificate Generation.csproj", "{663DC825-C512-49C9-8B6E-3757E74B3551}"
EndProject
Project("{9A19103F-16F7-4668-BE54-9A1E7A4F7556}") = "EMV RSA Key Generation", "EMV RSA Key Generation\EMV RSA Key Generation.csproj", "{CB07EDEA-7451-455A-850A-F877A74DF63F}"
EndProject
Project("{2150E333-8FDC-42A3-9474-1A3956D46DE8}") = "Solution Items", "Solution Items", "{107917D7-C1EC-4FD3-8578-A89A71B4DD55}"
	ProjectSection(SolutionItems) = preProject
		README.md = README.md
	EndProjectSection
EndProject
Project("{9A19103F-16F7-4668-BE54-9A1E7A4F7556}") = "Plugin EMV Personalization", "Plugin EMV Personalization\Plugin EMV Personalization.csproj", "{FDEC05B0-C176-466D-91A8-208AF53331C8}"
EndProject
Global
	GlobalSection(SolutionConfigurationPlatforms) = preSolution
		Debug|Any CPU = Debug|Any CPU
		Debug|x64 = Debug|x64
		Debug|x86 = Debug|x86
		Release|Any CPU = Release|Any CPU
		Release|x64 = Release|x64
		Release|x86 = Release|x86
	EndGlobalSection
	GlobalSection(ProjectConfigurationPlatforms) = postSolution
		{8EB311E3-B783-4D33-987D-DE455CAD626B}.Debug|Any CPU.ActiveCfg = Debug|Any CPU
		{8EB311E3-B783-4D33-987D-DE455CAD626B}.Debug|Any CPU.Build.0 = Debug|Any CPU
		{8EB311E3-B783-4D33-987D-DE455CAD626B}.Debug|x64.ActiveCfg = Debug|Any CPU
		{8EB311E3-B783-4D33-987D-DE455CAD626B}.Debug|x86.ActiveCfg = Debug|Any CPU
		{8EB311E3-B783-4D33-987D-DE455CAD626B}.Release|Any CPU.ActiveCfg = Release|Any CPU
		{8EB311E3-B783-4D33-987D-DE455CAD626B}.Release|Any CPU.Build.0 = Release|Any CPU
		{8EB311E3-B783-4D33-987D-DE455CAD626B}.Release|x64.ActiveCfg = Release|Any CPU
		{8EB311E3-B783-4D33-987D-DE455CAD626B}.Release|x86.ActiveCfg = Release|Any CPU
		{4963702E-B3E4-4D18-9F9C-0106B3A4E757}.Debug|Any CPU.ActiveCfg = Debug|Any CPU
		{4963702E-B3E4-4D18-9F9C-0106B3A4E757}.Debug|Any CPU.Build.0 = Debug|Any CPU
		{4963702E-B3E4-4D18-9F9C-0106B3A4E757}.Debug|x64.ActiveCfg = Debug|Any CPU
		{4963702E-B3E4-4D18-9F9C-0106B3A4E757}.Debug|x86.ActiveCfg = Debug|Any CPU
		{4963702E-B3E4-4D18-9F9C-0106B3A4E757}.Release|Any CPU.ActiveCfg = Release|Any CPU
		{4963702E-B3E4-4D18-9F9C-0106B3A4E757}.Release|Any CPU.Build.0 = Release|Any CPU
		{4963702E-B3E4-4D18-9F9C-0106B3A4E757}.Release|x64.ActiveCfg = Release|Any CPU
		{4963702E-B3E4-4D18-9F9C-0106B3A4E757}.Release|x86.ActiveCfg = Release|Any CPU
		{162E1CB7-03F5-4F2A-9DEE-0FEAF07EF4CE}.Debug|Any CPU.ActiveCfg = Debug|Any CPU
		{162E1CB7-03F5-4F2A-9DEE-0FEAF07EF4CE}.Debug|Any CPU.Build.0 = Debug|Any CPU
		{162E1CB7-03F5-4F2A-9DEE-0FEAF07EF4CE}.Debug|x64.ActiveCfg = Debug|Any CPU
		{162E1CB7-03F5-4F2A-9DEE-0FEAF07EF4CE}.Debug|x86.ActiveCfg = Debug|Any CPU
		{162E1CB7-03F5-4F2A-9DEE-0FEAF07EF4CE}.Release|Any CPU.ActiveCfg = Release|Any CPU
		{162E1CB7-03F5-4F2A-9DEE-0FEAF07EF4CE}.Release|Any CPU.Build.0 = Release|Any CPU
		{162E1CB7-03F5-4F2A-9DEE-0FEAF07EF4CE}.Release|x64.ActiveCfg = Release|Any CPU
		{162E1CB7-03F5-4F2A-9DEE-0FEAF07EF4CE}.Release|x86.ActiveCfg = Release|Any CPU
		{82E61FBB-4DA3-4048-A94B-80E06E1AF942}.Debug|Any CPU.ActiveCfg = Debug|Any CPU
		{82E61FBB-4DA3-4048-A94B-80E06E1AF942}.Debug|Any CPU.Build.0 = Debug|Any CPU
		{82E61FBB-4DA3-4048-A94B-80E06E1AF942}.Debug|x64.ActiveCfg = Debug|Any CPU
		{82E61FBB-4DA3-4048-A94B-80E06E1AF942}.Debug|x86.ActiveCfg = Debug|Any CPU
		{82E61FBB-4DA3-4048-A94B-80E06E1AF942}.Release|Any CPU.ActiveCfg = Release|Any CPU
		{82E61FBB-4DA3-4048-A94B-80E06E1AF942}.Release|Any CPU.Build.0 = Release|Any CPU
		{82E61FBB-4DA3-4048-A94B-80E06E1AF942}.Release|x64.ActiveCfg = Release|Any CPU
		{82E61FBB-4DA3-4048-A94B-80E06E1AF942}.Release|x86.ActiveCfg = Release|Any CPU
		{FC8BC7B1-1E3E-4E61-BA15-EB013719B8E5}.Debug|Any CPU.ActiveCfg = Debug|Any CPU
		{FC8BC7B1-1E3E-4E61-BA15-EB013719B8E5}.Debug|Any CPU.Build.0 = Debug|Any CPU
		{FC8BC7B1-1E3E-4E61-BA15-EB013719B8E5}.Debug|x64.ActiveCfg = Debug|Any CPU
		{FC8BC7B1-1E3E-4E61-BA15-EB013719B8E5}.Debug|x86.ActiveCfg = Debug|Any CPU
		{FC8BC7B1-1E3E-4E61-BA15-EB013719B8E5}.Release|Any CPU.ActiveCfg = Release|Any CPU
		{FC8BC7B1-1E3E-4E61-BA15-EB013719B8E5}.Release|Any CPU.Build.0 = Release|Any CPU
		{FC8BC7B1-1E3E-4E61-BA15-EB013719B8E5}.Release|x64.ActiveCfg = Release|Any CPU
		{FC8BC7B1-1E3E-4E61-BA15-EB013719B8E5}.Release|x86.ActiveCfg = Release|Any CPU
		{D2A34CFC-E2AA-473C-A153-24A91FFFC93C}.Debug|Any CPU.ActiveCfg = Debug|Any CPU
		{D2A34CFC-E2AA-473C-A153-24A91FFFC93C}.Debug|Any CPU.Build.0 = Debug|Any CPU
		{D2A34CFC-E2AA-473C-A153-24A91FFFC93C}.Debug|x64.ActiveCfg = Debug|Any CPU
		{D2A34CFC-E2AA-473C-A153-24A91FFFC93C}.Debug|x86.ActiveCfg = Debug|Any CPU
		{D2A34CFC-E2AA-473C-A153-24A91FFFC93C}.Release|Any CPU.ActiveCfg = Release|Any CPU
		{D2A34CFC-E2AA-473C-A153-24A91FFFC93C}.Release|Any CPU.Build.0 = Release|Any CPU
		{D2A34CFC-E2AA-473C-A153-24A91FFFC93C}.Release|x64.ActiveCfg = Release|Any CPU
		{D2A34CFC-E2AA-473C-A153-24A91FFFC93C}.Release|x86.ActiveCfg = Release|Any CPU
		{CEF13D63-352E-46A5-AA35-603D1B004FAF}.Debug|Any CPU.ActiveCfg = Debug|Any CPU
		{CEF13D63-352E-46A5-AA35-603D1B004FAF}.Debug|Any CPU.Build.0 = Debug|Any CPU
		{CEF13D63-352E-46A5-AA35-603D1B004FAF}.Debug|x64.ActiveCfg = Debug|Any CPU
		{CEF13D63-352E-46A5-AA35-603D1B004FAF}.Debug|x86.ActiveCfg = Debug|Any CPU
		{CEF13D63-352E-46A5-AA35-603D1B004FAF}.Release|Any CPU.ActiveCfg = Release|Any CPU
		{CEF13D63-352E-46A5-AA35-603D1B004FAF}.Release|Any CPU.Build.0 = Release|Any CPU
		{CEF13D63-352E-46A5-AA35-603D1B004FAF}.Release|x64.ActiveCfg = Release|Any CPU
		{CEF13D63-352E-46A5-AA35-603D1B004FAF}.Release|x86.ActiveCfg = Release|Any CPU
		{663DC825-C512-49C9-8B6E-3757E74B3551}.Debug|Any CPU.ActiveCfg = Debug|Any CPU
		{663DC825-C512-49C9-8B6E-3757E74B3551}.Debug|Any CPU.Build.0 = Debug|Any CPU
		{663DC825-C512-49C9-8B6E-3757E74B3551}.Debug|x64.ActiveCfg = Debug|Any CPU
		{663DC825-C512-49C9-8B6E-3757E74B3551}.Debug|x86.ActiveCfg = Debug|Any CPU
		{663DC825-C512-49C9-8B6E-3757E74B3551}.Release|Any CPU.ActiveCfg = Release|Any CPU
		{663DC825-C512-49C9-8B6E-3757E74B3551}.Release|Any CPU.Build.0 = Release|Any CPU
		{663DC825-C512-49C9-8B6E-3757E74B3551}.Release|x64.ActiveCfg = Release|Any CPU
		{663DC825-C512-49C9-8B6E-3757E74B3551}.Release|x86.ActiveCfg = Release|Any CPU
		{CB07EDEA-7451-455A-850A-F877A74DF63F}.Debug|Any CPU.ActiveCfg = Debug|Any CPU
		{CB07EDEA-7451-455A-850A-F877A74DF63F}.Debug|Any CPU.Build.0 = Debug|Any CPU
		{CB07EDEA-7451-455A-850A-F877A74DF63F}.Debug|x64.ActiveCfg = Debug|Any CPU
		{CB07EDEA-7451-455A-850A-F877A74DF63F}.Debug|x86.ActiveCfg = Debug|Any CPU
		{CB07EDEA-7451-455A-850A-F877A74DF63F}.Release|Any CPU.ActiveCfg = Release|Any CPU
		{CB07EDEA-7451-455A-850A-F877A74DF63F}.Release|Any CPU.Build.0 = Release|Any CPU
		{CB07EDEA-7451-455A-850A-F877A74DF63F}.Release|x64.ActiveCfg = Release|Any CPU
		{CB07EDEA-7451-455A-850A-F877A74DF63F}.Release|x86.ActiveCfg = Release|Any CPU
		{FDEC05B0-C176-466D-91A8-208AF53331C8}.Debug|Any CPU.ActiveCfg = Debug|Any CPU
		{FDEC05B0-C176-466D-91A8-208AF53331C8}.Debug|Any CPU.Build.0 = Debug|Any CPU
		{FDEC05B0-C176-466D-91A8-208AF53331C8}.Debug|x64.ActiveCfg = Debug|Any CPU
		{FDEC05B0-C176-466D-91A8-208AF53331C8}.Debug|x64.Build.0 = Debug|Any CPU
		{FDEC05B0-C176-466D-91A8-208AF53331C8}.Debug|x86.ActiveCfg = Debug|Any CPU
		{FDEC05B0-C176-466D-91A8-208AF53331C8}.Debug|x86.Build.0 = Debug|Any CPU
		{FDEC05B0-C176-466D-91A8-208AF53331C8}.Release|Any CPU.ActiveCfg = Release|Any CPU
		{FDEC05B0-C176-466D-91A8-208AF53331C8}.Release|Any CPU.Build.0 = Release|Any CPU
		{FDEC05B0-C176-466D-91A8-208AF53331C8}.Release|x64.ActiveCfg = Release|Any CPU
		{FDEC05B0-C176-466D-91A8-208AF53331C8}.Release|x64.Build.0 = Release|Any CPU
		{FDEC05B0-C176-466D-91A8-208AF53331C8}.Release|x86.ActiveCfg = Release|Any CPU
		{FDEC05B0-C176-466D-91A8-208AF53331C8}.Release|x86.Build.0 = Release|Any CPU
	EndGlobalSection
	GlobalSection(SolutionProperties) = preSolution
		HideSolutionNode = FALSE
	EndGlobalSection
	GlobalSection(ExtensibilityGlobals) = postSolution
		SolutionGuid = {5057F515-00B1-4EEA-94FB-1788F64AB0C5}
	EndGlobalSection
	GlobalSection(MonoDevelopProperties) = preSolution
		StartupItem = Console Tests\Console Tests.csproj
	EndGlobalSection
	GlobalSection(MonoDevelopProperties) = preSolution
		StartupItem = Console Tests\Console Tests.csproj
	EndGlobalSection
	GlobalSection(MonoDevelopProperties) = preSolution
		StartupItem = Console Tests\Console Tests.csproj
	EndGlobalSection
	GlobalSection(MonoDevelopProperties) = preSolution
		StartupItem = WSCT.Core.ConsoleTests\WSCT.Core.ConsoleTests.csproj
	EndGlobalSection
	GlobalSection(MonoDevelopProperties) = preSolution
		StartupItem = WSCT.GUI.Launcher\WSCT.GUI.Launcher.csproj
	EndGlobalSection
	GlobalSection(MonoDevelopProperties) = preSolution
		StartupItem = WSCT.Core.ConsoleTests\WSCT.Core.ConsoleTests.csproj
	EndGlobalSection
	GlobalSection(MonoDevelopProperties) = preSolution
		StartupItem = WSCT.Core.ConsoleTests\WSCT.Core.ConsoleTests.csproj
	EndGlobalSection
	GlobalSection(MonoDevelopProperties) = preSolution
		StartupItem = WSCT.Core.ConsoleTests\WSCT.Core.ConsoleTests.csproj
	EndGlobalSection
EndGlobal
