
Microsoft Visual Studio Solution File, Format Version 12.00
# Visual Studio 2012
Project("{FAE04EC0-301F-11D3-BF4B-00C04F79EFBC}") = "WSCT.GUI.EMVLauncher", "WSCT.GUI.EMVLauncher\WSCT.GUI.EMVLauncher.csproj", "{81ED588E-1FA0-4A55-BD7B-25A4552FB669}"
EndProject
Project("{FAE04EC0-301F-11D3-BF4B-00C04F79EFBC}") = "Console EMV Tests", "Console EMV Tests\Console EMV Tests.csproj", "{4963702E-B3E4-4D18-9F9C-0106B3A4E757}"
EndProject
Project("{FAE04EC0-301F-11D3-BF4B-00C04F79EFBC}") = "EMV Library", "EMV Library\EMV Library.csproj", "{162E1CB7-03F5-4F2A-9DEE-0FEAF07EF4CE}"
EndProject
Project("{FAE04EC0-301F-11D3-BF4B-00C04F79EFBC}") = "Plugin EMV Explorer", "Plugin EMV Explorer\Plugin EMV Explorer.csproj", "{82E61FBB-4DA3-4048-A94B-80E06E1AF942}"
EndProject
Project("{2150E333-8FDC-42A3-9474-1A3956D46DE8}") = "WSCT Core", "WSCT Core", "{999238CE-F2FC-4064-80BD-6345D11E84D5}"
EndProject
Project("{FAE04EC0-301F-11D3-BF4B-00C04F79EFBC}") = "WSCT.Core", "..\WSCT Core\WSCT.Core\WSCT.Core.csproj", "{764A5311-A573-4774-A198-43A660167FC7}"
	ProjectSection(ProjectDependencies) = postProject
		{19B66E6E-7E5E-481A-8718-3F9C44212AD6} = {19B66E6E-7E5E-481A-8718-3F9C44212AD6}
	EndProjectSection
EndProject
Project("{FAE04EC0-301F-11D3-BF4B-00C04F79EFBC}") = "WSCT.Wrapper", "..\WSCT Core\WSCT.Wrapper\WSCT.Wrapper.csproj", "{19B66E6E-7E5E-481A-8718-3F9C44212AD6}"
	ProjectSection(ProjectDependencies) = postProject
		{B95B0E58-9296-4A15-AA69-10A7B6DC2267} = {B95B0E58-9296-4A15-AA69-10A7B6DC2267}
	EndProjectSection
EndProject
Project("{FAE04EC0-301F-11D3-BF4B-00C04F79EFBC}") = "WSCT.Stack", "..\WSCT Core\WSCT.Stack\WSCT.Stack.csproj", "{4EABE8DA-0BCB-4BC6-A571-7618AC0EC4B6}"
	ProjectSection(ProjectDependencies) = postProject
		{764A5311-A573-4774-A198-43A660167FC7} = {764A5311-A573-4774-A198-43A660167FC7}
	EndProjectSection
EndProject
Project("{FAE04EC0-301F-11D3-BF4B-00C04F79EFBC}") = "WSCT.ISO7816", "..\WSCT Core\WSCT.ISO7816\WSCT.ISO7816.csproj", "{BDECF2A5-900E-4C5D-BEEE-7903F9145BC1}"
	ProjectSection(ProjectDependencies) = postProject
		{764A5311-A573-4774-A198-43A660167FC7} = {764A5311-A573-4774-A198-43A660167FC7}
	EndProjectSection
EndProject
Project("{FAE04EC0-301F-11D3-BF4B-00C04F79EFBC}") = "WSCT.Helpers", "..\WSCT Core\WSCT.Helpers\WSCT.Helpers.csproj", "{B95B0E58-9296-4A15-AA69-10A7B6DC2267}"
EndProject
Project("{FAE04EC0-301F-11D3-BF4B-00C04F79EFBC}") = "WSCT.Helpers.GUI", "..\WSCT Core\WSCT.Helpers.GUI\WSCT.Helpers.GUI.csproj", "{3CE1516F-CF54-4D3E-919D-2DA4638552CC}"
EndProject
Project("{FAE04EC0-301F-11D3-BF4B-00C04F79EFBC}") = "WSCT.Core.ConsoleTests", "..\WSCT Core\WSCT.Core.ConsoleTests\WSCT.Core.ConsoleTests.csproj", "{066D7310-FAE0-43DF-9B78-B3AA16B10FD2}"
EndProject
Project("{2150E333-8FDC-42A3-9474-1A3956D46DE8}") = "WSCT GUI", "WSCT GUI", "{34A5D806-7EF1-4090-9F27-5B95AAE1D1BA}"
EndProject
Project("{FAE04EC0-301F-11D3-BF4B-00C04F79EFBC}") = "WSCT.GUI", "..\WSCT GUI\WSCT.GUI\WSCT.GUI.csproj", "{AD3F035D-2806-4F94-8C29-09E5E183C36D}"
EndProject
Project("{FAE04EC0-301F-11D3-BF4B-00C04F79EFBC}") = "WSCT.GUI.Plugins", "..\WSCT GUI\WSCT.Plugins\WSCT.GUI.Plugins.csproj", "{44D12C6F-7D70-40EC-864A-01202928D159}"
EndProject
Project("{FAE04EC0-301F-11D3-BF4B-00C04F79EFBC}") = "Plugin ISO7816 Tools", "..\WSCT GUI\Plugin ISO7816 Tools\Plugin ISO7816 Tools.csproj", "{B2F69421-36D1-40E2-B36C-165A622B810C}"
EndProject
Project("{FAE04EC0-301F-11D3-BF4B-00C04F79EFBC}") = "Plugin Interactive Layer", "..\WSCT GUI\Plugin Interactive Layer\Plugin Interactive Layer.csproj", "{4BA36CE0-8FFA-401F-B630-A25EAC2AADDF}"
EndProject
Project("{FAE04EC0-301F-11D3-BF4B-00C04F79EFBC}") = "Layer Interactive", "..\WSCT GUI\Layer Interactive\Layer Interactive.csproj", "{8843A8DE-B802-4049-84CA-7EAB27BCD39F}"
EndProject
Global
	GlobalSection(SolutionConfigurationPlatforms) = preSolution
		Debug|Any CPU = Debug|Any CPU
		Release|Any CPU = Release|Any CPU
	EndGlobalSection
	GlobalSection(ProjectConfigurationPlatforms) = postSolution
		{81ED588E-1FA0-4A55-BD7B-25A4552FB669}.Debug|Any CPU.ActiveCfg = Debug|Any CPU
		{81ED588E-1FA0-4A55-BD7B-25A4552FB669}.Debug|Any CPU.Build.0 = Debug|Any CPU
		{81ED588E-1FA0-4A55-BD7B-25A4552FB669}.Release|Any CPU.ActiveCfg = Release|Any CPU
		{81ED588E-1FA0-4A55-BD7B-25A4552FB669}.Release|Any CPU.Build.0 = Release|Any CPU
		{4963702E-B3E4-4D18-9F9C-0106B3A4E757}.Debug|Any CPU.ActiveCfg = Debug|Any CPU
		{4963702E-B3E4-4D18-9F9C-0106B3A4E757}.Debug|Any CPU.Build.0 = Debug|Any CPU
		{4963702E-B3E4-4D18-9F9C-0106B3A4E757}.Release|Any CPU.ActiveCfg = Release|Any CPU
		{4963702E-B3E4-4D18-9F9C-0106B3A4E757}.Release|Any CPU.Build.0 = Release|Any CPU
		{162E1CB7-03F5-4F2A-9DEE-0FEAF07EF4CE}.Debug|Any CPU.ActiveCfg = Debug|Any CPU
		{162E1CB7-03F5-4F2A-9DEE-0FEAF07EF4CE}.Debug|Any CPU.Build.0 = Debug|Any CPU
		{162E1CB7-03F5-4F2A-9DEE-0FEAF07EF4CE}.Release|Any CPU.ActiveCfg = Release|Any CPU
		{162E1CB7-03F5-4F2A-9DEE-0FEAF07EF4CE}.Release|Any CPU.Build.0 = Release|Any CPU
		{82E61FBB-4DA3-4048-A94B-80E06E1AF942}.Debug|Any CPU.ActiveCfg = Debug|Any CPU
		{82E61FBB-4DA3-4048-A94B-80E06E1AF942}.Debug|Any CPU.Build.0 = Debug|Any CPU
		{82E61FBB-4DA3-4048-A94B-80E06E1AF942}.Release|Any CPU.ActiveCfg = Release|Any CPU
		{82E61FBB-4DA3-4048-A94B-80E06E1AF942}.Release|Any CPU.Build.0 = Release|Any CPU
		{764A5311-A573-4774-A198-43A660167FC7}.Debug|Any CPU.ActiveCfg = Debug|Any CPU
		{764A5311-A573-4774-A198-43A660167FC7}.Debug|Any CPU.Build.0 = Debug|Any CPU
		{764A5311-A573-4774-A198-43A660167FC7}.Release|Any CPU.ActiveCfg = Release|Any CPU
		{764A5311-A573-4774-A198-43A660167FC7}.Release|Any CPU.Build.0 = Release|Any CPU
		{19B66E6E-7E5E-481A-8718-3F9C44212AD6}.Debug|Any CPU.ActiveCfg = Debug|Any CPU
		{19B66E6E-7E5E-481A-8718-3F9C44212AD6}.Debug|Any CPU.Build.0 = Debug|Any CPU
		{19B66E6E-7E5E-481A-8718-3F9C44212AD6}.Release|Any CPU.ActiveCfg = Release|Any CPU
		{19B66E6E-7E5E-481A-8718-3F9C44212AD6}.Release|Any CPU.Build.0 = Release|Any CPU
		{4EABE8DA-0BCB-4BC6-A571-7618AC0EC4B6}.Debug|Any CPU.ActiveCfg = Debug|Any CPU
		{4EABE8DA-0BCB-4BC6-A571-7618AC0EC4B6}.Debug|Any CPU.Build.0 = Debug|Any CPU
		{4EABE8DA-0BCB-4BC6-A571-7618AC0EC4B6}.Release|Any CPU.ActiveCfg = Release|Any CPU
		{4EABE8DA-0BCB-4BC6-A571-7618AC0EC4B6}.Release|Any CPU.Build.0 = Release|Any CPU
		{BDECF2A5-900E-4C5D-BEEE-7903F9145BC1}.Debug|Any CPU.ActiveCfg = Debug|Any CPU
		{BDECF2A5-900E-4C5D-BEEE-7903F9145BC1}.Debug|Any CPU.Build.0 = Debug|Any CPU
		{BDECF2A5-900E-4C5D-BEEE-7903F9145BC1}.Release|Any CPU.ActiveCfg = Release|Any CPU
		{BDECF2A5-900E-4C5D-BEEE-7903F9145BC1}.Release|Any CPU.Build.0 = Release|Any CPU
		{B95B0E58-9296-4A15-AA69-10A7B6DC2267}.Debug|Any CPU.ActiveCfg = Debug|Any CPU
		{B95B0E58-9296-4A15-AA69-10A7B6DC2267}.Debug|Any CPU.Build.0 = Debug|Any CPU
		{B95B0E58-9296-4A15-AA69-10A7B6DC2267}.Release|Any CPU.ActiveCfg = Release|Any CPU
		{B95B0E58-9296-4A15-AA69-10A7B6DC2267}.Release|Any CPU.Build.0 = Release|Any CPU
		{3CE1516F-CF54-4D3E-919D-2DA4638552CC}.Debug|Any CPU.ActiveCfg = Debug|Any CPU
		{3CE1516F-CF54-4D3E-919D-2DA4638552CC}.Debug|Any CPU.Build.0 = Debug|Any CPU
		{3CE1516F-CF54-4D3E-919D-2DA4638552CC}.Release|Any CPU.ActiveCfg = Release|Any CPU
		{3CE1516F-CF54-4D3E-919D-2DA4638552CC}.Release|Any CPU.Build.0 = Release|Any CPU
		{066D7310-FAE0-43DF-9B78-B3AA16B10FD2}.Debug|Any CPU.ActiveCfg = Debug|Any CPU
		{066D7310-FAE0-43DF-9B78-B3AA16B10FD2}.Debug|Any CPU.Build.0 = Debug|Any CPU
		{066D7310-FAE0-43DF-9B78-B3AA16B10FD2}.Release|Any CPU.ActiveCfg = Release|Any CPU
		{066D7310-FAE0-43DF-9B78-B3AA16B10FD2}.Release|Any CPU.Build.0 = Release|Any CPU
		{AD3F035D-2806-4F94-8C29-09E5E183C36D}.Debug|Any CPU.ActiveCfg = Debug|Any CPU
		{AD3F035D-2806-4F94-8C29-09E5E183C36D}.Debug|Any CPU.Build.0 = Debug|Any CPU
		{AD3F035D-2806-4F94-8C29-09E5E183C36D}.Release|Any CPU.ActiveCfg = Release|Any CPU
		{AD3F035D-2806-4F94-8C29-09E5E183C36D}.Release|Any CPU.Build.0 = Release|Any CPU
		{44D12C6F-7D70-40EC-864A-01202928D159}.Debug|Any CPU.ActiveCfg = Debug|Any CPU
		{44D12C6F-7D70-40EC-864A-01202928D159}.Debug|Any CPU.Build.0 = Debug|Any CPU
		{44D12C6F-7D70-40EC-864A-01202928D159}.Release|Any CPU.ActiveCfg = Release|Any CPU
		{44D12C6F-7D70-40EC-864A-01202928D159}.Release|Any CPU.Build.0 = Release|Any CPU
		{B2F69421-36D1-40E2-B36C-165A622B810C}.Debug|Any CPU.ActiveCfg = Debug|Any CPU
		{B2F69421-36D1-40E2-B36C-165A622B810C}.Debug|Any CPU.Build.0 = Debug|Any CPU
		{B2F69421-36D1-40E2-B36C-165A622B810C}.Release|Any CPU.ActiveCfg = Release|Any CPU
		{B2F69421-36D1-40E2-B36C-165A622B810C}.Release|Any CPU.Build.0 = Release|Any CPU
		{4BA36CE0-8FFA-401F-B630-A25EAC2AADDF}.Debug|Any CPU.ActiveCfg = Debug|Any CPU
		{4BA36CE0-8FFA-401F-B630-A25EAC2AADDF}.Debug|Any CPU.Build.0 = Debug|Any CPU
		{4BA36CE0-8FFA-401F-B630-A25EAC2AADDF}.Release|Any CPU.ActiveCfg = Release|Any CPU
		{4BA36CE0-8FFA-401F-B630-A25EAC2AADDF}.Release|Any CPU.Build.0 = Release|Any CPU
		{8843A8DE-B802-4049-84CA-7EAB27BCD39F}.Debug|Any CPU.ActiveCfg = Debug|Any CPU
		{8843A8DE-B802-4049-84CA-7EAB27BCD39F}.Debug|Any CPU.Build.0 = Debug|Any CPU
		{8843A8DE-B802-4049-84CA-7EAB27BCD39F}.Release|Any CPU.ActiveCfg = Release|Any CPU
		{8843A8DE-B802-4049-84CA-7EAB27BCD39F}.Release|Any CPU.Build.0 = Release|Any CPU
	EndGlobalSection
	GlobalSection(SolutionProperties) = preSolution
		HideSolutionNode = FALSE
	EndGlobalSection
	GlobalSection(NestedProjects) = preSolution
		{764A5311-A573-4774-A198-43A660167FC7} = {999238CE-F2FC-4064-80BD-6345D11E84D5}
		{19B66E6E-7E5E-481A-8718-3F9C44212AD6} = {999238CE-F2FC-4064-80BD-6345D11E84D5}
		{4EABE8DA-0BCB-4BC6-A571-7618AC0EC4B6} = {999238CE-F2FC-4064-80BD-6345D11E84D5}
		{BDECF2A5-900E-4C5D-BEEE-7903F9145BC1} = {999238CE-F2FC-4064-80BD-6345D11E84D5}
		{B95B0E58-9296-4A15-AA69-10A7B6DC2267} = {999238CE-F2FC-4064-80BD-6345D11E84D5}
		{3CE1516F-CF54-4D3E-919D-2DA4638552CC} = {999238CE-F2FC-4064-80BD-6345D11E84D5}
		{066D7310-FAE0-43DF-9B78-B3AA16B10FD2} = {999238CE-F2FC-4064-80BD-6345D11E84D5}
		{AD3F035D-2806-4F94-8C29-09E5E183C36D} = {34A5D806-7EF1-4090-9F27-5B95AAE1D1BA}
		{44D12C6F-7D70-40EC-864A-01202928D159} = {34A5D806-7EF1-4090-9F27-5B95AAE1D1BA}
		{B2F69421-36D1-40E2-B36C-165A622B810C} = {34A5D806-7EF1-4090-9F27-5B95AAE1D1BA}
		{4BA36CE0-8FFA-401F-B630-A25EAC2AADDF} = {34A5D806-7EF1-4090-9F27-5B95AAE1D1BA}
		{8843A8DE-B802-4049-84CA-7EAB27BCD39F} = {34A5D806-7EF1-4090-9F27-5B95AAE1D1BA}
	EndGlobalSection
	GlobalSection(MonoDevelopProperties) = preSolution
		StartupItem = Console Tests\Console Tests.csproj
	EndGlobalSection
	GlobalSection(MonoDevelopProperties) = preSolution
		StartupItem = Console Tests\Console Tests.csproj
	EndGlobalSection
	GlobalSection(MonoDevelopProperties) = preSolution
		StartupItem = Console Tests\Console Tests.csproj
	EndGlobalSection
EndGlobal
